
Microsoft Visual Studio Solution File, Format Version 12.00
# Visual Studio Version 17
VisualStudioVersion = 17.9.34518.117
MinimumVisualStudioVersion = 10.0.40219.1
Project("{9A19103F-16F7-4668-BE54-9A1E7A4F7556}") = "PALC.Common", "PALC.Common\PALC.Common.csproj", "{55B056F6-7D4D-4605-A881-A472E8812EDA}"
EndProject
Project("{9A19103F-16F7-4668-BE54-9A1E7A4F7556}") = "PALC.Common.Desktop", "PALC.Common.Desktop\PALC.Common.Desktop.csproj", "{DDDAD52D-66B9-4AF1-B657-AD638D4F6E83}"
EndProject
Global
	GlobalSection(SolutionConfigurationPlatforms) = preSolution
		Debug|Any CPU = Debug|Any CPU
		Release|Any CPU = Release|Any CPU
	EndGlobalSection
	GlobalSection(ProjectConfigurationPlatforms) = postSolution
		{55B056F6-7D4D-4605-A881-A472E8812EDA}.Debug|Any CPU.ActiveCfg = Debug|Any CPU
		{55B056F6-7D4D-4605-A881-A472E8812EDA}.Debug|Any CPU.Build.0 = Debug|Any CPU
		{55B056F6-7D4D-4605-A881-A472E8812EDA}.Release|Any CPU.ActiveCfg = Release|Any CPU
		{55B056F6-7D4D-4605-A881-A472E8812EDA}.Release|Any CPU.Build.0 = Release|Any CPU
		{DDDAD52D-66B9-4AF1-B657-AD638D4F6E83}.Debug|Any CPU.ActiveCfg = Debug|Any CPU
		{DDDAD52D-66B9-4AF1-B657-AD638D4F6E83}.Debug|Any CPU.Build.0 = Debug|Any CPU
		{DDDAD52D-66B9-4AF1-B657-AD638D4F6E83}.Release|Any CPU.ActiveCfg = Release|Any CPU
		{DDDAD52D-66B9-4AF1-B657-AD638D4F6E83}.Release|Any CPU.Build.0 = Release|Any CPU
	EndGlobalSection
	GlobalSection(SolutionProperties) = preSolution
		HideSolutionNode = FALSE
	EndGlobalSection
	GlobalSection(ExtensibilityGlobals) = postSolution
		SolutionGuid = {6E15F912-B98F-4E25-887F-6220FC4A9BC5}
	EndGlobalSection
EndGlobal
